
Microsoft Visual Studio Solution File, Format Version 12.00
# Visual Studio Version 17
VisualStudioVersion = 17.9.34616.47
MinimumVisualStudioVersion = 10.0.40219.1
Project("{9A19103F-16F7-4668-BE54-9A1E7A4F7556}") = "BarberApp-AdminPortal", "BarberApp-AdminPortal.csproj", "{EFDDC892-6732-486F-B677-430CEE56340C}"
EndProject
Project("{FAE04EC0-301F-11D3-BF4B-00C04F79EFBC}") = "ViewModels", "ViewModels\ViewModels.csproj", "{83B40A9A-74AA-4B60-BE3A-825F7F629564}"
EndProject
Project("{FAE04EC0-301F-11D3-BF4B-00C04F79EFBC}") = "AdminPortal.DbContext", "AdminPortal.DbContext\AdminPortal.DbContext.csproj", "{BBC9AB68-F8DC-44C6-90DA-D0E75DECDE65}"
EndProject
Global
	GlobalSection(SolutionConfigurationPlatforms) = preSolution
		Debug|Any CPU = Debug|Any CPU
		Release|Any CPU = Release|Any CPU
	EndGlobalSection
	GlobalSection(ProjectConfigurationPlatforms) = postSolution
		{EFDDC892-6732-486F-B677-430CEE56340C}.Debug|Any CPU.ActiveCfg = Debug|Any CPU
		{EFDDC892-6732-486F-B677-430CEE56340C}.Debug|Any CPU.Build.0 = Debug|Any CPU
		{EFDDC892-6732-486F-B677-430CEE56340C}.Release|Any CPU.ActiveCfg = Release|Any CPU
		{EFDDC892-6732-486F-B677-430CEE56340C}.Release|Any CPU.Build.0 = Release|Any CPU
		{83B40A9A-74AA-4B60-BE3A-825F7F629564}.Debug|Any CPU.ActiveCfg = Debug|Any CPU
		{83B40A9A-74AA-4B60-BE3A-825F7F629564}.Debug|Any CPU.Build.0 = Debug|Any CPU
		{83B40A9A-74AA-4B60-BE3A-825F7F629564}.Release|Any CPU.ActiveCfg = Release|Any CPU
		{83B40A9A-74AA-4B60-BE3A-825F7F629564}.Release|Any CPU.Build.0 = Release|Any CPU
		{BBC9AB68-F8DC-44C6-90DA-D0E75DECDE65}.Debug|Any CPU.ActiveCfg = Debug|Any CPU
		{BBC9AB68-F8DC-44C6-90DA-D0E75DECDE65}.Debug|Any CPU.Build.0 = Debug|Any CPU
		{BBC9AB68-F8DC-44C6-90DA-D0E75DECDE65}.Release|Any CPU.ActiveCfg = Release|Any CPU
		{BBC9AB68-F8DC-44C6-90DA-D0E75DECDE65}.Release|Any CPU.Build.0 = Release|Any CPU
	EndGlobalSection
	GlobalSection(SolutionProperties) = preSolution
		HideSolutionNode = FALSE
	EndGlobalSection
	GlobalSection(ExtensibilityGlobals) = postSolution
		SolutionGuid = {6BA32A61-7E52-4929-998D-25E53AFDF946}
	EndGlobalSection
EndGlobal
